
Microsoft Visual Studio Solution File, Format Version 12.00
# Visual Studio Version 17
VisualStudioVersion = 17.11.35327.3
MinimumVisualStudioVersion = 10.0.40219.1
Project("{FAE04EC0-301F-11D3-BF4B-00C04F79EFBC}") = "CompanyHierarchy", "CompanyHierarchy\CompanyHierarchy.csproj", "{A418435D-749B-4DD8-8406-1A6A131BE1AA}"
EndProject
Global
	GlobalSection(SolutionConfigurationPlatforms) = preSolution
		Debug|Any CPU = Debug|Any CPU
		Release|Any CPU = Release|Any CPU
	EndGlobalSection
	GlobalSection(ProjectConfigurationPlatforms) = postSolution
		{A418435D-749B-4DD8-8406-1A6A131BE1AA}.Debug|Any CPU.ActiveCfg = Debug|Any CPU
		{A418435D-749B-4DD8-8406-1A6A131BE1AA}.Debug|Any CPU.Build.0 = Debug|Any CPU
		{A418435D-749B-4DD8-8406-1A6A131BE1AA}.Release|Any CPU.ActiveCfg = Release|Any CPU
		{A418435D-749B-4DD8-8406-1A6A131BE1AA}.Release|Any CPU.Build.0 = Release|Any CPU
	EndGlobalSection
	GlobalSection(SolutionProperties) = preSolution
		HideSolutionNode = FALSE
	EndGlobalSection
	GlobalSection(ExtensibilityGlobals) = postSolution
		SolutionGuid = {89FF5D39-2004-459E-BB33-B8D5E53F01BE}
	EndGlobalSection
EndGlobal
